// !$*UTF8*$!
{
	archiveVersion = 1;
	classes = {
	};
	objectVersion = 56;
	objects = {

/* Begin PBXBuildFile section */
		EECC02BF29EA75B900E1992C /* RBWeatherDemoApp.swift in Sources */ = {isa = PBXBuildFile; fileRef = EECC02BE29EA75B900E1992C /* RBWeatherDemoApp.swift */; };
		EECC02C129EA75B900E1992C /* HomeView.swift in Sources */ = {isa = PBXBuildFile; fileRef = EECC02C029EA75B900E1992C /* HomeView.swift */; };
		EECC02C329EA75BA00E1992C /* Assets.xcassets in Resources */ = {isa = PBXBuildFile; fileRef = EECC02C229EA75BA00E1992C /* Assets.xcassets */; };
		EECC02C629EA75BA00E1992C /* Preview Assets.xcassets in Resources */ = {isa = PBXBuildFile; fileRef = EECC02C529EA75BA00E1992C /* Preview Assets.xcassets */; };
		EECC02D029EAEBF300E1992C /* Location.swift in Sources */ = {isa = PBXBuildFile; fileRef = EECC02CF29EAEBF300E1992C /* Location.swift */; };
		EECC02D329EAECAD00E1992C /* LocationStore.swift in Sources */ = {isa = PBXBuildFile; fileRef = EECC02D229EAECAD00E1992C /* LocationStore.swift */; };
/* End PBXBuildFile section */

/* Begin PBXFileReference section */
		EECC02BB29EA75B900E1992C /* RBWeatherDemo.app */ = {isa = PBXFileReference; explicitFileType = wrapper.application; includeInIndex = 0; path = RBWeatherDemo.app; sourceTree = BUILT_PRODUCTS_DIR; };
		EECC02BE29EA75B900E1992C /* RBWeatherDemoApp.swift */ = {isa = PBXFileReference; lastKnownFileType = sourcecode.swift; path = RBWeatherDemoApp.swift; sourceTree = "<group>"; };
		EECC02C029EA75B900E1992C /* HomeView.swift */ = {isa = PBXFileReference; lastKnownFileType = sourcecode.swift; path = HomeView.swift; sourceTree = "<group>"; };
		EECC02C229EA75BA00E1992C /* Assets.xcassets */ = {isa = PBXFileReference; lastKnownFileType = folder.assetcatalog; path = Assets.xcassets; sourceTree = "<group>"; };
		EECC02C529EA75BA00E1992C /* Preview Assets.xcassets */ = {isa = PBXFileReference; lastKnownFileType = folder.assetcatalog; path = "Preview Assets.xcassets"; sourceTree = "<group>"; };
		EECC02CF29EAEBF300E1992C /* Location.swift */ = {isa = PBXFileReference; lastKnownFileType = sourcecode.swift; path = Location.swift; sourceTree = "<group>"; };
		EECC02D229EAECAD00E1992C /* LocationStore.swift */ = {isa = PBXFileReference; fileEncoding = 4; lastKnownFileType = sourcecode.swift; path = LocationStore.swift; sourceTree = "<group>"; };
/* End PBXFileReference section */

/* Begin PBXFrameworksBuildPhase section */
		EECC02B829EA75B900E1992C /* Frameworks */ = {
			isa = PBXFrameworksBuildPhase;
			buildActionMask = 2147483647;
			files = (
			);
			runOnlyForDeploymentPostprocessing = 0;
		};
/* End PBXFrameworksBuildPhase section */

/* Begin PBXGroup section */
		EECC02B229EA75B900E1992C = {
			isa = PBXGroup;
			children = (
				EECC02BD29EA75B900E1992C /* RBWeatherDemo */,
				EECC02BC29EA75B900E1992C /* Products */,
			);
			sourceTree = "<group>";
		};
		EECC02BC29EA75B900E1992C /* Products */ = {
			isa = PBXGroup;
			children = (
				EECC02BB29EA75B900E1992C /* RBWeatherDemo.app */,
			);
			name = Products;
			sourceTree = "<group>";
		};
		EECC02BD29EA75B900E1992C /* RBWeatherDemo */ = {
			isa = PBXGroup;
			children = (
				EECC02BE29EA75B900E1992C /* RBWeatherDemoApp.swift */,
				EECC02C029EA75B900E1992C /* HomeView.swift */,
				EECC02CC29EAEB7300E1992C /* Model */,
				EECC02D129EAEC2400E1992C /* Stores */,
				EECC02C229EA75BA00E1992C /* Assets.xcassets */,
				EECC02C429EA75BA00E1992C /* Preview Content */,
			);
			path = RBWeatherDemo;
			sourceTree = "<group>";
		};
		EECC02C429EA75BA00E1992C /* Preview Content */ = {
			isa = PBXGroup;
			children = (
				EECC02C529EA75BA00E1992C /* Preview Assets.xcassets */,
			);
			path = "Preview Content";
			sourceTree = "<group>";
		};
		EECC02CC29EAEB7300E1992C /* Model */ = {
			isa = PBXGroup;
			children = (
				EECC02CF29EAEBF300E1992C /* Location.swift */,
			);
			path = Model;
			sourceTree = "<group>";
		};
		EECC02D129EAEC2400E1992C /* Stores */ = {
			isa = PBXGroup;
			children = (
				EECC02D229EAECAD00E1992C /* LocationStore.swift */,
			);
			path = Stores;
			sourceTree = "<group>";
		};
/* End PBXGroup section */

/* Begin PBXNativeTarget section */
		EECC02BA29EA75B900E1992C /* RBWeatherDemo */ = {
			isa = PBXNativeTarget;
			buildConfigurationList = EECC02C929EA75BA00E1992C /* Build configuration list for PBXNativeTarget "RBWeatherDemo" */;
			buildPhases = (
				EECC02B729EA75B900E1992C /* Sources */,
				EECC02B829EA75B900E1992C /* Frameworks */,
				EECC02B929EA75B900E1992C /* Resources */,
			);
			buildRules = (
			);
			dependencies = (
			);
			name = RBWeatherDemo;
			productName = RBWeatherDemo;
			productReference = EECC02BB29EA75B900E1992C /* RBWeatherDemo.app */;
			productType = "com.apple.product-type.application";
		};
/* End PBXNativeTarget section */

/* Begin PBXProject section */
		EECC02B329EA75B900E1992C /* Project object */ = {
			isa = PBXProject;
			attributes = {
				BuildIndependentTargetsInParallel = 1;
				LastSwiftUpdateCheck = 1400;
				LastUpgradeCheck = 1400;
				TargetAttributes = {
					EECC02BA29EA75B900E1992C = {
						CreatedOnToolsVersion = 14.0;
					};
				};
			};
			buildConfigurationList = EECC02B629EA75B900E1992C /* Build configuration list for PBXProject "RBWeatherDemo" */;
			compatibilityVersion = "Xcode 14.0";
			developmentRegion = en;
			hasScannedForEncodings = 0;
			knownRegions = (
				en,
				Base,
			);
			mainGroup = EECC02B229EA75B900E1992C;
			productRefGroup = EECC02BC29EA75B900E1992C /* Products */;
			projectDirPath = "";
			projectRoot = "";
			targets = (
				EECC02BA29EA75B900E1992C /* RBWeatherDemo */,
			);
		};
/* End PBXProject section */

/* Begin PBXResourcesBuildPhase section */
		EECC02B929EA75B900E1992C /* Resources */ = {
			isa = PBXResourcesBuildPhase;
			buildActionMask = 2147483647;
			files = (
				EECC02C629EA75BA00E1992C /* Preview Assets.xcassets in Resources */,
				EECC02C329EA75BA00E1992C /* Assets.xcassets in Resources */,
			);
			runOnlyForDeploymentPostprocessing = 0;
		};
/* End PBXResourcesBuildPhase section */

/* Begin PBXSourcesBuildPhase section */
		EECC02B729EA75B900E1992C /* Sources */ = {
			isa = PBXSourcesBuildPhase;
			buildActionMask = 2147483647;
			files = (
				EECC02D329EAECAD00E1992C /* LocationStore.swift in Sources */,
				EECC02C129EA75B900E1992C /* HomeView.swift in Sources */,
				EECC02D029EAEBF300E1992C /* Location.swift in Sources */,
				EECC02BF29EA75B900E1992C /* RBWeatherDemoApp.swift in Sources */,
			);
			runOnlyForDeploymentPostprocessing = 0;
		};
/* End PBXSourcesBuildPhase section */

/* Begin XCBuildConfiguration section */
		EECC02C729EA75BA00E1992C /* Debug */ = {
			isa = XCBuildConfiguration;
			buildSettings = {
				ALWAYS_SEARCH_USER_PATHS = NO;
				CLANG_ANALYZER_NONNULL = YES;
				CLANG_ANALYZER_NUMBER_OBJECT_CONVERSION = YES_AGGRESSIVE;
				CLANG_CXX_LANGUAGE_STANDARD = "gnu++20";
				CLANG_ENABLE_MODULES = YES;
				CLANG_ENABLE_OBJC_ARC = YES;
				CLANG_ENABLE_OBJC_WEAK = YES;
				CLANG_WARN_BLOCK_CAPTURE_AUTORELEASING = YES;
				CLANG_WARN_BOOL_CONVERSION = YES;
				CLANG_WARN_COMMA = YES;
				CLANG_WARN_CONSTANT_CONVERSION = YES;
				CLANG_WARN_DEPRECATED_OBJC_IMPLEMENTATIONS = YES;
				CLANG_WARN_DIRECT_OBJC_ISA_USAGE = YES_ERROR;
				CLANG_WARN_DOCUMENTATION_COMMENTS = YES;
				CLANG_WARN_EMPTY_BODY = YES;
				CLANG_WARN_ENUM_CONVERSION = YES;
				CLANG_WARN_INFINITE_RECURSION = YES;
				CLANG_WARN_INT_CONVERSION = YES;
				CLANG_WARN_NON_LITERAL_NULL_CONVERSION = YES;
				CLANG_WARN_OBJC_IMPLICIT_RETAIN_SELF = YES;
				CLANG_WARN_OBJC_LITERAL_CONVERSION = YES;
				CLANG_WARN_OBJC_ROOT_CLASS = YES_ERROR;
				CLANG_WARN_QUOTED_INCLUDE_IN_FRAMEWORK_HEADER = YES;
				CLANG_WARN_RANGE_LOOP_ANALYSIS = YES;
				CLANG_WARN_STRICT_PROTOTYPES = YES;
				CLANG_WARN_SUSPICIOUS_MOVE = YES;
				CLANG_WARN_UNGUARDED_AVAILABILITY = YES_AGGRESSIVE;
				CLANG_WARN_UNREACHABLE_CODE = YES;
				CLANG_WARN__DUPLICATE_METHOD_MATCH = YES;
				COPY_PHASE_STRIP = NO;
				DEBUG_INFORMATION_FORMAT = dwarf;
				ENABLE_STRICT_OBJC_MSGSEND = YES;
				ENABLE_TESTABILITY = YES;
				GCC_C_LANGUAGE_STANDARD = gnu11;
				GCC_DYNAMIC_NO_PIC = NO;
				GCC_NO_COMMON_BLOCKS = YES;
				GCC_OPTIMIZATION_LEVEL = 0;
				GCC_PREPROCESSOR_DEFINITIONS = (
					"DEBUG=1",
					"$(inherited)",
				);
				GCC_WARN_64_TO_32_BIT_CONVERSION = YES;
				GCC_WARN_ABOUT_RETURN_TYPE = YES_ERROR;
				GCC_WARN_UNDECLARED_SELECTOR = YES;
				GCC_WARN_UNINITIALIZED_AUTOS = YES_AGGRESSIVE;
				GCC_WARN_UNUSED_FUNCTION = YES;
				GCC_WARN_UNUSED_VARIABLE = YES;
				IPHONEOS_DEPLOYMENT_TARGET = 16.0;
				MTL_ENABLE_DEBUG_INFO = INCLUDE_SOURCE;
				MTL_FAST_MATH = YES;
				ONLY_ACTIVE_ARCH = YES;
				SDKROOT = iphoneos;
				SWIFT_ACTIVE_COMPILATION_CONDITIONS = DEBUG;
				SWIFT_OPTIMIZATION_LEVEL = "-Onone";
			};
			name = Debug;
		};
		EECC02C829EA75BA00E1992C /* Release */ = {
			isa = XCBuildConfiguration;
			buildSettings = {
				ALWAYS_SEARCH_USER_PATHS = NO;
				CLANG_ANALYZER_NONNULL = YES;
				CLANG_ANALYZER_NUMBER_OBJECT_CONVERSION = YES_AGGRESSIVE;
				CLANG_CXX_LANGUAGE_STANDARD = "gnu++20";
				CLANG_ENABLE_MODULES = YES;
				CLANG_ENABLE_OBJC_ARC = YES;
				CLANG_ENABLE_OBJC_WEAK = YES;
				CLANG_WARN_BLOCK_CAPTURE_AUTORELEASING = YES;
				CLANG_WARN_BOOL_CONVERSION = YES;
				CLANG_WARN_COMMA = YES;
				CLANG_WARN_CONSTANT_CONVERSION = YES;
				CLANG_WARN_DEPRECATED_OBJC_IMPLEMENTATIONS = YES;
				CLANG_WARN_DIRECT_OBJC_ISA_USAGE = YES_ERROR;
				CLANG_WARN_DOCUMENTATION_COMMENTS = YES;
				CLANG_WARN_EMPTY_BODY = YES;
				CLANG_WARN_ENUM_CONVERSION = YES;
				CLANG_WARN_INFINITE_RECURSION = YES;
				CLANG_WARN_INT_CONVERSION = YES;
				CLANG_WARN_NON_LITERAL_NULL_CONVERSION = YES;
				CLANG_WARN_OBJC_IMPLICIT_RETAIN_SELF = YES;
				CLANG_WARN_OBJC_LITERAL_CONVERSION = YES;
				CLANG_WARN_OBJC_ROOT_CLASS = YES_ERROR;
				CLANG_WARN_QUOTED_INCLUDE_IN_FRAMEWORK_HEADER = YES;
				CLANG_WARN_RANGE_LOOP_ANALYSIS = YES;
				CLANG_WARN_STRICT_PROTOTYPES = YES;
				CLANG_WARN_SUSPICIOUS_MOVE = YES;
				CLANG_WARN_UNGUARDED_AVAILABILITY = YES_AGGRESSIVE;
				CLANG_WARN_UNREACHABLE_CODE = YES;
				CLANG_WARN__DUPLICATE_METHOD_MATCH = YES;
				COPY_PHASE_STRIP = NO;
				DEBUG_INFORMATION_FORMAT = "dwarf-with-dsym";
				ENABLE_NS_ASSERTIONS = NO;
				ENABLE_STRICT_OBJC_MSGSEND = YES;
				GCC_C_LANGUAGE_STANDARD = gnu11;
				GCC_NO_COMMON_BLOCKS = YES;
				GCC_WARN_64_TO_32_BIT_CONVERSION = YES;
				GCC_WARN_ABOUT_RETURN_TYPE = YES_ERROR;
				GCC_WARN_UNDECLARED_SELECTOR = YES;
				GCC_WARN_UNINITIALIZED_AUTOS = YES_AGGRESSIVE;
				GCC_WARN_UNUSED_FUNCTION = YES;
				GCC_WARN_UNUSED_VARIABLE = YES;
				IPHONEOS_DEPLOYMENT_TARGET = 16.0;
				MTL_ENABLE_DEBUG_INFO = NO;
				MTL_FAST_MATH = YES;
				SDKROOT = iphoneos;
				SWIFT_COMPILATION_MODE = wholemodule;
				SWIFT_OPTIMIZATION_LEVEL = "-O";
				VALIDATE_PRODUCT = YES;
			};
			name = Release;
		};
		EECC02CA29EA75BA00E1992C /* Debug */ = {
			isa = XCBuildConfiguration;
			buildSettings = {
				ASSETCATALOG_COMPILER_APPICON_NAME = AppIcon;
				ASSETCATALOG_COMPILER_GLOBAL_ACCENT_COLOR_NAME = AccentColor;
				CODE_SIGN_STYLE = Automatic;
				CURRENT_PROJECT_VERSION = 1;
				DEVELOPMENT_ASSET_PATHS = "\"RBWeatherDemo/Preview Content\"";
				DEVELOPMENT_TEAM = A4J7MX89NJ;
				ENABLE_PREVIEWS = YES;
				GENERATE_INFOPLIST_FILE = YES;
				INFOPLIST_KEY_UIApplicationSceneManifest_Generation = YES;
				INFOPLIST_KEY_UIApplicationSupportsIndirectInputEvents = YES;
				INFOPLIST_KEY_UILaunchScreen_Generation = YES;
				INFOPLIST_KEY_UISupportedInterfaceOrientations_iPad = "UIInterfaceOrientationPortrait UIInterfaceOrientationPortraitUpsideDown UIInterfaceOrientationLandscapeLeft UIInterfaceOrientationLandscapeRight";
				INFOPLIST_KEY_UISupportedInterfaceOrientations_iPhone = "UIInterfaceOrientationPortrait UIInterfaceOrientationLandscapeLeft UIInterfaceOrientationLandscapeRight";
				IPHONEOS_DEPLOYMENT_TARGET = 15.4;
				LD_RUNPATH_SEARCH_PATHS = (
					"$(inherited)",
					"@executable_path/Frameworks",
				);
				MARKETING_VERSION = 1.0;
				PRODUCT_BUNDLE_IDENTIFIER = info.RBWeatherDemo;
				PRODUCT_NAME = "$(TARGET_NAME)";
				SWIFT_EMIT_LOC_STRINGS = YES;
				SWIFT_VERSION = 5.0;
				TARGETED_DEVICE_FAMILY = "1,2";
			};
			name = Debug;
		};
		EECC02CB29EA75BA00E1992C /* Release */ = {
			isa = XCBuildConfiguration;
			buildSettings = {
				ASSETCATALOG_COMPILER_APPICON_NAME = AppIcon;
				ASSETCATALOG_COMPILER_GLOBAL_ACCENT_COLOR_NAME = AccentColor;
				CODE_SIGN_STYLE = Automatic;
				CURRENT_PROJECT_VERSION = 1;
				DEVELOPMENT_ASSET_PATHS = "\"RBWeatherDemo/Preview Content\"";
				DEVELOPMENT_TEAM = A4J7MX89NJ;
				ENABLE_PREVIEWS = YES;
				GENERATE_INFOPLIST_FILE = YES;
				INFOPLIST_KEY_UIApplicationSceneManifest_Generation = YES;
				INFOPLIST_KEY_UIApplicationSupportsIndirectInputEvents = YES;
				INFOPLIST_KEY_UILaunchScreen_Generation = YES;
				INFOPLIST_KEY_UISupportedInterfaceOrientations_iPad = "UIInterfaceOrientationPortrait UIInterfaceOrientationPortraitUpsideDown UIInterfaceOrientationLandscapeLeft UIInterfaceOrientationLandscapeRight";
				INFOPLIST_KEY_UISupportedInterfaceOrientations_iPhone = "UIInterfaceOrientationPortrait UIInterfaceOrientationLandscapeLeft UIInterfaceOrientationLandscapeRight";
				IPHONEOS_DEPLOYMENT_TARGET = 15.4;
				LD_RUNPATH_SEARCH_PATHS = (
					"$(inherited)",
					"@executable_path/Frameworks",
				);
				MARKETING_VERSION = 1.0;
				PRODUCT_BUNDLE_IDENTIFIER = info.RBWeatherDemo;
				PRODUCT_NAME = "$(TARGET_NAME)";
				SWIFT_EMIT_LOC_STRINGS = YES;
				SWIFT_VERSION = 5.0;
				TARGETED_DEVICE_FAMILY = "1,2";
			};
			name = Release;
		};
/* End XCBuildConfiguration section */

/* Begin XCConfigurationList section */
		EECC02B629EA75B900E1992C /* Build configuration list for PBXProject "RBWeatherDemo" */ = {
			isa = XCConfigurationList;
			buildConfigurations = (
				EECC02C729EA75BA00E1992C /* Debug */,
				EECC02C829EA75BA00E1992C /* Release */,
			);
			defaultConfigurationIsVisible = 0;
			defaultConfigurationName = Release;
		};
		EECC02C929EA75BA00E1992C /* Build configuration list for PBXNativeTarget "RBWeatherDemo" */ = {
			isa = XCConfigurationList;
			buildConfigurations = (
				EECC02CA29EA75BA00E1992C /* Debug */,
				EECC02CB29EA75BA00E1992C /* Release */,
			);
			defaultConfigurationIsVisible = 0;
			defaultConfigurationName = Release;
		};
/* End XCConfigurationList section */
	};
	rootObject = EECC02B329EA75B900E1992C /* Project object */;
}
